
Microsoft Visual Studio Solution File, Format Version 12.00
# Visual Studio Version 17
VisualStudioVersion = 17.5.33414.496
MinimumVisualStudioVersion = 10.0.40219.1
Project("{8BC9CEB8-8B4A-11D0-8D11-00A0C91BC942}") = "Problem #50 Solution", "Problem #50 Solution.vcxproj", "{349A4783-7210-4DB4-97D3-22F6C6D56E4D}"
EndProject
Global
	GlobalSection(SolutionConfigurationPlatforms) = preSolution
		Debug|x64 = Debug|x64
		Debug|x86 = Debug|x86
		Release|x64 = Release|x64
		Release|x86 = Release|x86
	EndGlobalSection
	GlobalSection(ProjectConfigurationPlatforms) = postSolution
		{349A4783-7210-4DB4-97D3-22F6C6D56E4D}.Debug|x64.ActiveCfg = Debug|x64
		{349A4783-7210-4DB4-97D3-22F6C6D56E4D}.Debug|x64.Build.0 = Debug|x64
		{349A4783-7210-4DB4-97D3-22F6C6D56E4D}.Debug|x86.ActiveCfg = Debug|Win32
		{349A4783-7210-4DB4-97D3-22F6C6D56E4D}.Debug|x86.Build.0 = Debug|Win32
		{349A4783-7210-4DB4-97D3-22F6C6D56E4D}.Release|x64.ActiveCfg = Release|x64
		{349A4783-7210-4DB4-97D3-22F6C6D56E4D}.Release|x64.Build.0 = Release|x64
		{349A4783-7210-4DB4-97D3-22F6C6D56E4D}.Release|x86.ActiveCfg = Release|Win32
		{349A4783-7210-4DB4-97D3-22F6C6D56E4D}.Release|x86.Build.0 = Release|Win32
	EndGlobalSection
	GlobalSection(SolutionProperties) = preSolution
		HideSolutionNode = FALSE
	EndGlobalSection
	GlobalSection(ExtensibilityGlobals) = postSolution
		SolutionGuid = {61BB7B51-5CBB-4D1F-90EC-C7D5D11F48CF}
	EndGlobalSection
EndGlobal
