
Microsoft Visual Studio Solution File, Format Version 12.00
# Visual Studio Version 17
VisualStudioVersion = 17.5.33414.496
MinimumVisualStudioVersion = 10.0.40219.1
Project("{8BC9CEB8-8B4A-11D0-8D11-00A0C91BC942}") = "Problem #32 Solution", "Problem #32 Solution.vcxproj", "{389B624F-7343-474E-937A-28F1A8172A97}"
EndProject
Global
	GlobalSection(SolutionConfigurationPlatforms) = preSolution
		Debug|x64 = Debug|x64
		Debug|x86 = Debug|x86
		Release|x64 = Release|x64
		Release|x86 = Release|x86
	EndGlobalSection
	GlobalSection(ProjectConfigurationPlatforms) = postSolution
		{389B624F-7343-474E-937A-28F1A8172A97}.Debug|x64.ActiveCfg = Debug|x64
		{389B624F-7343-474E-937A-28F1A8172A97}.Debug|x64.Build.0 = Debug|x64
		{389B624F-7343-474E-937A-28F1A8172A97}.Debug|x86.ActiveCfg = Debug|Win32
		{389B624F-7343-474E-937A-28F1A8172A97}.Debug|x86.Build.0 = Debug|Win32
		{389B624F-7343-474E-937A-28F1A8172A97}.Release|x64.ActiveCfg = Release|x64
		{389B624F-7343-474E-937A-28F1A8172A97}.Release|x64.Build.0 = Release|x64
		{389B624F-7343-474E-937A-28F1A8172A97}.Release|x86.ActiveCfg = Release|Win32
		{389B624F-7343-474E-937A-28F1A8172A97}.Release|x86.Build.0 = Release|Win32
	EndGlobalSection
	GlobalSection(SolutionProperties) = preSolution
		HideSolutionNode = FALSE
	EndGlobalSection
	GlobalSection(ExtensibilityGlobals) = postSolution
		SolutionGuid = {9E67C8E9-5BB0-4842-B3CF-07282593B628}
	EndGlobalSection
EndGlobal
