
Microsoft Visual Studio Solution File, Format Version 12.00
# Visual Studio Version 17
VisualStudioVersion = 17.5.33414.496
MinimumVisualStudioVersion = 10.0.40219.1
Project("{8BC9CEB8-8B4A-11D0-8D11-00A0C91BC942}") = "Problem #28 Solution", "Problem #28 Solution.vcxproj", "{CA03EE4B-EBB7-4A1F-BB3B-BF76722C2408}"
EndProject
Global
	GlobalSection(SolutionConfigurationPlatforms) = preSolution
		Debug|x64 = Debug|x64
		Debug|x86 = Debug|x86
		Release|x64 = Release|x64
		Release|x86 = Release|x86
	EndGlobalSection
	GlobalSection(ProjectConfigurationPlatforms) = postSolution
		{CA03EE4B-EBB7-4A1F-BB3B-BF76722C2408}.Debug|x64.ActiveCfg = Debug|x64
		{CA03EE4B-EBB7-4A1F-BB3B-BF76722C2408}.Debug|x64.Build.0 = Debug|x64
		{CA03EE4B-EBB7-4A1F-BB3B-BF76722C2408}.Debug|x86.ActiveCfg = Debug|Win32
		{CA03EE4B-EBB7-4A1F-BB3B-BF76722C2408}.Debug|x86.Build.0 = Debug|Win32
		{CA03EE4B-EBB7-4A1F-BB3B-BF76722C2408}.Release|x64.ActiveCfg = Release|x64
		{CA03EE4B-EBB7-4A1F-BB3B-BF76722C2408}.Release|x64.Build.0 = Release|x64
		{CA03EE4B-EBB7-4A1F-BB3B-BF76722C2408}.Release|x86.ActiveCfg = Release|Win32
		{CA03EE4B-EBB7-4A1F-BB3B-BF76722C2408}.Release|x86.Build.0 = Release|Win32
	EndGlobalSection
	GlobalSection(SolutionProperties) = preSolution
		HideSolutionNode = FALSE
	EndGlobalSection
	GlobalSection(ExtensibilityGlobals) = postSolution
		SolutionGuid = {8052BB58-4C83-4DEB-95E9-D093EE39B18B}
	EndGlobalSection
EndGlobal
